{
  "name": "vfxb",
  "version": "0.0.1",
  "lockfileVersion": 3,
  "requires": true,
  "packages": {
    "": {
      "name": "vfxb",
      "version": "0.0.1",
      "dependencies": {
        "@react-oauth/google": "^0.13.4"
      },
      "devDependencies": {
        "turbo": "^2.1.3",
        "typescript": "^5.5.4"
      },
      "engines": {
        "node": ">=20.0.0",
        "pnpm": ">=9.0.0"
      }
    },
    "node_modules/@react-oauth/google": {
      "version": "0.13.4",
      "resolved": "https://registry.npmjs.org/@react-oauth/google/-/google-0.13.4.tgz",
      "integrity": "sha512-hGKyNEH+/PK8M0sFEuo3MAEk0txtHpgs94tDQit+s2LXg7b6z53NtzHfqDvoB2X8O6lGB+FRg80hY//X6hfD+w==",
      "license": "MIT",
      "peerDependencies": {
        "react": ">=16.8.0",
        "react-dom": ">=16.8.0"
      }
    },
    "node_modules/react": {
      "version": "19.2.4",
      "resolved": "https://registry.npmjs.org/react/-/react-19.2.4.tgz",
      "integrity": "sha512-9nfp2hYpCwOjAN+8TZFGhtWEwgvWHXqESH8qT89AT/lWklpLON22Lc8pEtnpsZz7VmawabSU0gCjnj8aC0euHQ==",
      "license": "MIT",
      "peer": true,
      "engines": {
        "node": ">=0.10.0"
      }
    },
    "node_modules/react-dom": {
      "version": "19.2.4",
      "resolved": "https://registry.npmjs.org/react-dom/-/react-dom-19.2.4.tgz",
      "integrity": "sha512-AXJdLo8kgMbimY95O2aKQqsz2iWi9jMgKJhRBAxECE4IFxfcazB2LmzloIoibJI3C12IlY20+KFaLv+71bUJeQ==",
      "license": "MIT",
      "peer": true,
      "dependencies": {
        "scheduler": "^0.27.0"
      },
      "peerDependencies": {
        "react": "^19.2.4"
      }
    },
    "node_modules/scheduler": {
      "version": "0.27.0",
      "resolved": "https://registry.npmjs.org/scheduler/-/scheduler-0.27.0.tgz",
      "integrity": "sha512-eNv+WrVbKu1f3vbYJT/xtiF5syA5HPIMtf9IgY/nKg0sWqzAUEvqY/xm7OcZc/qafLx/iO9FgOmeSAp4v5ti/Q==",
      "license": "MIT",
      "peer": true
    },
    "node_modules/turbo": {
      "version": "2.8.17",
      "resolved": "https://registry.npmjs.org/turbo/-/turbo-2.8.17.tgz",
      "integrity": "sha512-YwPsNSqU2f/RXU/+Kcb7cPkPZARxom4+me7LKEdN5jsvy2tpfze3zDZ4EiGrJnvOm9Avu9rK0aaYsP7qZ3iz7A==",
      "dev": true,
      "license": "MIT",
      "bin": {
        "turbo": "bin/turbo"
      },
      "optionalDependencies": {
        "turbo-darwin-64": "2.8.17",
        "turbo-darwin-arm64": "2.8.17",
        "turbo-linux-64": "2.8.17",
        "turbo-linux-arm64": "2.8.17",
        "turbo-windows-64": "2.8.17",
        "turbo-windows-arm64": "2.8.17"
      }
    },
    "node_modules/turbo-darwin-64": {
      "version": "2.8.17",
      "resolved": "https://registry.npmjs.org/turbo-darwin-64/-/turbo-darwin-64-2.8.17.tgz",
      "integrity": "sha512-ZFkv2hv7zHpAPEXBF6ouRRXshllOavYc+jjcrYyVHvxVTTwJWsBZwJ/gpPzmOKGvkSjsEyDO5V6aqqtZzwVF+Q==",
      "cpu": [
        "x64"
      ],
      "dev": true,
      "license": "MIT",
      "optional": true,
      "os": [
        "darwin"
      ]
    },
    "node_modules/turbo-darwin-arm64": {
      "version": "2.8.17",
      "resolved": "https://registry.npmjs.org/turbo-darwin-arm64/-/turbo-darwin-arm64-2.8.17.tgz",
      "integrity": "sha512-5DXqhQUt24ycEryXDfMNKEkW5TBHs+QmU23a2qxXwwFDaJsWcPo2obEhBxxdEPOv7qmotjad+09RGeWCcJ9JDw==",
      "cpu": [
        "arm64"
      ],
      "dev": true,
      "license": "MIT",
      "optional": true,
      "os": [
        "darwin"
      ]
    },
    "node_modules/turbo-linux-64": {
      "version": "2.8.17",
      "resolved": "https://registry.npmjs.org/turbo-linux-64/-/turbo-linux-64-2.8.17.tgz",
      "integrity": "sha512-KLUbz6w7F73D/Ihh51hVagrKR0/CTsPEbRkvXLXvoND014XJ4BCrQUqSxlQ4/hu+nqp1v5WlM85/h3ldeyujuA==",
      "cpu": [
        "x64"
      ],
      "dev": true,
      "license": "MIT",
      "optional": true,
      "os": [
        "linux"
      ]
    },
    "node_modules/turbo-linux-arm64": {
      "version": "2.8.17",
      "resolved": "https://registry.npmjs.org/turbo-linux-arm64/-/turbo-linux-arm64-2.8.17.tgz",
      "integrity": "sha512-pJK67XcNJH40lTAjFu7s/rUlobgVXyB3A3lDoq+/JccB3hf+SysmkpR4Itlc93s8LEaFAI4mamhFuTV17Z6wOg==",
      "cpu": [
        "arm64"
      ],
      "dev": true,
      "license": "MIT",
      "optional": true,
      "os": [
        "linux"
      ]
    },
    "node_modules/turbo-windows-64": {
      "version": "2.8.17",
      "resolved": "https://registry.npmjs.org/turbo-windows-64/-/turbo-windows-64-2.8.17.tgz",
      "integrity": "sha512-EijeQ6zszDMmGZLP2vT2RXTs/GVi9rM0zv2/G4rNu2SSRSGFapgZdxgW4b5zUYLVaSkzmkpWlGfPfj76SW9yUg==",
      "cpu": [
        "x64"
      ],
      "dev": true,
      "license": "MIT",
      "optional": true,
      "os": [
        "win32"
      ]
    },
    "node_modules/turbo-windows-arm64": {
      "version": "2.8.17",
      "resolved": "https://registry.npmjs.org/turbo-windows-arm64/-/turbo-windows-arm64-2.8.17.tgz",
      "integrity": "sha512-crpfeMPkfECd4V1PQ/hMoiyVcOy04+bWedu/if89S15WhOalHZ2BYUi6DOJhZrszY+mTT99OwpOsj4wNfb/GHQ==",
      "cpu": [
        "arm64"
      ],
      "dev": true,
      "license": "MIT",
      "optional": true,
      "os": [
        "win32"
      ]
    },
    "node_modules/typescript": {
      "version": "5.9.3",
      "resolved": "https://registry.npmjs.org/typescript/-/typescript-5.9.3.tgz",
      "integrity": "sha512-jl1vZzPDinLr9eUt3J/t7V6FgNEw9QjvBPdysz9KfQDD41fQrC2Y4vKQdiaUpFT4bXlb1RHhLpp8wtm6M5TgSw==",
      "dev": true,
      "license": "Apache-2.0",
      "bin": {
        "tsc": "bin/tsc",
        "tsserver": "bin/tsserver"
      },
      "engines": {
        "node": ">=14.17"
      }
    }
  }
}
